
Microsoft Visual Studio Solution File, Format Version 12.00
# Visual Studio Version 17
VisualStudioVersion = 17.1.32319.34
MinimumVisualStudioVersion = 10.0.40219.1
Project("{FAE04EC0-301F-11D3-BF4B-00C04F79EFBC}") = "Test_one", "Test_one\Test_one.csproj", "{AFA25703-E130-44ED-99C9-563BF7CC088C}"
EndProject
Global
	GlobalSection(SolutionConfigurationPlatforms) = preSolution
		Debug|Any CPU = Debug|Any CPU
		Release|Any CPU = Release|Any CPU
	EndGlobalSection
	GlobalSection(ProjectConfigurationPlatforms) = postSolution
		{AFA25703-E130-44ED-99C9-563BF7CC088C}.Debug|Any CPU.ActiveCfg = Debug|Any CPU
		{AFA25703-E130-44ED-99C9-563BF7CC088C}.Debug|Any CPU.Build.0 = Debug|Any CPU
		{AFA25703-E130-44ED-99C9-563BF7CC088C}.Release|Any CPU.ActiveCfg = Release|Any CPU
		{AFA25703-E130-44ED-99C9-563BF7CC088C}.Release|Any CPU.Build.0 = Release|Any CPU
	EndGlobalSection
	GlobalSection(SolutionProperties) = preSolution
		HideSolutionNode = FALSE
	EndGlobalSection
	GlobalSection(ExtensibilityGlobals) = postSolution
		SolutionGuid = {DB531D26-0826-42DF-BF20-4768F32B6ED6}
	EndGlobalSection
EndGlobal
