
Microsoft Visual Studio Solution File, Format Version 12.00
# Visual Studio Version 17
VisualStudioVersion = 17.1.32319.34
MinimumVisualStudioVersion = 10.0.40219.1
Project("{FAE04EC0-301F-11D3-BF4B-00C04F79EFBC}") = "Test_two", "Test_two\Test_two.csproj", "{39316975-B669-47D0-A62C-AE9E51DEE6FA}"
EndProject
Global
	GlobalSection(SolutionConfigurationPlatforms) = preSolution
		Debug|Any CPU = Debug|Any CPU
		Release|Any CPU = Release|Any CPU
	EndGlobalSection
	GlobalSection(ProjectConfigurationPlatforms) = postSolution
		{39316975-B669-47D0-A62C-AE9E51DEE6FA}.Debug|Any CPU.ActiveCfg = Debug|Any CPU
		{39316975-B669-47D0-A62C-AE9E51DEE6FA}.Debug|Any CPU.Build.0 = Debug|Any CPU
		{39316975-B669-47D0-A62C-AE9E51DEE6FA}.Release|Any CPU.ActiveCfg = Release|Any CPU
		{39316975-B669-47D0-A62C-AE9E51DEE6FA}.Release|Any CPU.Build.0 = Release|Any CPU
	EndGlobalSection
	GlobalSection(SolutionProperties) = preSolution
		HideSolutionNode = FALSE
	EndGlobalSection
	GlobalSection(ExtensibilityGlobals) = postSolution
		SolutionGuid = {0C6EA294-4AF9-4AE8-BFE3-42C21907BEB4}
	EndGlobalSection
EndGlobal
